
Microsoft Visual Studio Solution File, Format Version 12.00
# Visual Studio 15
VisualStudioVersion = 15.0.27703.2047
MinimumVisualStudioVersion = 10.0.40219.1
Project("{8BC9CEB8-8B4A-11D0-8D11-00A0C91BC942}") = "ConvolutionAlgorithm", "ConvolutionAlgorithm\ConvolutionAlgorithm.vcxproj", "{0C33BD3B-5FC0-4CC9-9164-69A0B8E8A098}"
EndProject
Project("{8BC9CEB8-8B4A-11D0-8D11-00A0C91BC942}") = "GamaCorection", "GamaCorection\GamaCorection.vcxproj", "{9442C438-4C97-42B4-9BF3-7C46BDC59DB4}"
EndProject
Project("{8BC9CEB8-8B4A-11D0-8D11-00A0C91BC942}") = "AnisotropicFiltration", "AnisotropicFiltration\AnisotropicFiltration.vcxproj", "{BD3CED20-345A-45AA-BC77-4834FFAB77FA}"
EndProject
Project("{8BC9CEB8-8B4A-11D0-8D11-00A0C91BC942}") = "FourierTransformation", "FourierTransformation\FourierTransformation.vcxproj", "{82E87283-ADC9-4BCE-AC93-D3F27AA522C1}"
EndProject
Project("{8BC9CEB8-8B4A-11D0-8D11-00A0C91BC942}") = "ImageDistortion", "ImageDistortion\ImageDistortion.vcxproj", "{117A35FA-C4D3-4567-96D3-C0E77B93764E}"
EndProject
Project("{8BC9CEB8-8B4A-11D0-8D11-00A0C91BC942}") = "HistogramEqualization", "HistogramEqualization\HistogramEqualization.vcxproj", "{AFED485A-F67E-408A-A332-8B36F4170291}"
EndProject
Global
	GlobalSection(SolutionConfigurationPlatforms) = preSolution
		Debug|x64 = Debug|x64
		Debug|x86 = Debug|x86
		Release|x64 = Release|x64
		Release|x86 = Release|x86
	EndGlobalSection
	GlobalSection(ProjectConfigurationPlatforms) = postSolution
		{0C33BD3B-5FC0-4CC9-9164-69A0B8E8A098}.Debug|x64.ActiveCfg = Debug|x64
		{0C33BD3B-5FC0-4CC9-9164-69A0B8E8A098}.Debug|x64.Build.0 = Debug|x64
		{0C33BD3B-5FC0-4CC9-9164-69A0B8E8A098}.Debug|x86.ActiveCfg = Debug|Win32
		{0C33BD3B-5FC0-4CC9-9164-69A0B8E8A098}.Debug|x86.Build.0 = Debug|Win32
		{0C33BD3B-5FC0-4CC9-9164-69A0B8E8A098}.Release|x64.ActiveCfg = Release|x64
		{0C33BD3B-5FC0-4CC9-9164-69A0B8E8A098}.Release|x64.Build.0 = Release|x64
		{0C33BD3B-5FC0-4CC9-9164-69A0B8E8A098}.Release|x86.ActiveCfg = Release|Win32
		{0C33BD3B-5FC0-4CC9-9164-69A0B8E8A098}.Release|x86.Build.0 = Release|Win32
		{9442C438-4C97-42B4-9BF3-7C46BDC59DB4}.Debug|x64.ActiveCfg = Debug|x64
		{9442C438-4C97-42B4-9BF3-7C46BDC59DB4}.Debug|x64.Build.0 = Debug|x64
		{9442C438-4C97-42B4-9BF3-7C46BDC59DB4}.Debug|x86.ActiveCfg = Debug|Win32
		{9442C438-4C97-42B4-9BF3-7C46BDC59DB4}.Debug|x86.Build.0 = Debug|Win32
		{9442C438-4C97-42B4-9BF3-7C46BDC59DB4}.Release|x64.ActiveCfg = Release|x64
		{9442C438-4C97-42B4-9BF3-7C46BDC59DB4}.Release|x64.Build.0 = Release|x64
		{9442C438-4C97-42B4-9BF3-7C46BDC59DB4}.Release|x86.ActiveCfg = Release|Win32
		{9442C438-4C97-42B4-9BF3-7C46BDC59DB4}.Release|x86.Build.0 = Release|Win32
		{BD3CED20-345A-45AA-BC77-4834FFAB77FA}.Debug|x64.ActiveCfg = Debug|x64
		{BD3CED20-345A-45AA-BC77-4834FFAB77FA}.Debug|x64.Build.0 = Debug|x64
		{BD3CED20-345A-45AA-BC77-4834FFAB77FA}.Debug|x86.ActiveCfg = Debug|Win32
		{BD3CED20-345A-45AA-BC77-4834FFAB77FA}.Debug|x86.Build.0 = Debug|Win32
		{BD3CED20-345A-45AA-BC77-4834FFAB77FA}.Release|x64.ActiveCfg = Release|x64
		{BD3CED20-345A-45AA-BC77-4834FFAB77FA}.Release|x64.Build.0 = Release|x64
		{BD3CED20-345A-45AA-BC77-4834FFAB77FA}.Release|x86.ActiveCfg = Release|Win32
		{BD3CED20-345A-45AA-BC77-4834FFAB77FA}.Release|x86.Build.0 = Release|Win32
		{82E87283-ADC9-4BCE-AC93-D3F27AA522C1}.Debug|x64.ActiveCfg = Debug|x64
		{82E87283-ADC9-4BCE-AC93-D3F27AA522C1}.Debug|x64.Build.0 = Debug|x64
		{82E87283-ADC9-4BCE-AC93-D3F27AA522C1}.Debug|x86.ActiveCfg = Debug|Win32
		{82E87283-ADC9-4BCE-AC93-D3F27AA522C1}.Debug|x86.Build.0 = Debug|Win32
		{82E87283-ADC9-4BCE-AC93-D3F27AA522C1}.Release|x64.ActiveCfg = Release|x64
		{82E87283-ADC9-4BCE-AC93-D3F27AA522C1}.Release|x64.Build.0 = Release|x64
		{82E87283-ADC9-4BCE-AC93-D3F27AA522C1}.Release|x86.ActiveCfg = Release|Win32
		{82E87283-ADC9-4BCE-AC93-D3F27AA522C1}.Release|x86.Build.0 = Release|Win32
		{117A35FA-C4D3-4567-96D3-C0E77B93764E}.Debug|x64.ActiveCfg = Debug|x64
		{117A35FA-C4D3-4567-96D3-C0E77B93764E}.Debug|x64.Build.0 = Debug|x64
		{117A35FA-C4D3-4567-96D3-C0E77B93764E}.Debug|x86.ActiveCfg = Debug|Win32
		{117A35FA-C4D3-4567-96D3-C0E77B93764E}.Debug|x86.Build.0 = Debug|Win32
		{117A35FA-C4D3-4567-96D3-C0E77B93764E}.Release|x64.ActiveCfg = Release|x64
		{117A35FA-C4D3-4567-96D3-C0E77B93764E}.Release|x64.Build.0 = Release|x64
		{117A35FA-C4D3-4567-96D3-C0E77B93764E}.Release|x86.ActiveCfg = Release|Win32
		{117A35FA-C4D3-4567-96D3-C0E77B93764E}.Release|x86.Build.0 = Release|Win32
		{AFED485A-F67E-408A-A332-8B36F4170291}.Debug|x64.ActiveCfg = Debug|x64
		{AFED485A-F67E-408A-A332-8B36F4170291}.Debug|x64.Build.0 = Debug|x64
		{AFED485A-F67E-408A-A332-8B36F4170291}.Debug|x86.ActiveCfg = Debug|Win32
		{AFED485A-F67E-408A-A332-8B36F4170291}.Debug|x86.Build.0 = Debug|Win32
		{AFED485A-F67E-408A-A332-8B36F4170291}.Release|x64.ActiveCfg = Release|x64
		{AFED485A-F67E-408A-A332-8B36F4170291}.Release|x64.Build.0 = Release|x64
		{AFED485A-F67E-408A-A332-8B36F4170291}.Release|x86.ActiveCfg = Release|Win32
		{AFED485A-F67E-408A-A332-8B36F4170291}.Release|x86.Build.0 = Release|Win32
	EndGlobalSection
	GlobalSection(SolutionProperties) = preSolution
		HideSolutionNode = FALSE
	EndGlobalSection
	GlobalSection(ExtensibilityGlobals) = postSolution
		SolutionGuid = {F70DC189-C68C-4E5A-9412-5DC5A7F672F6}
	EndGlobalSection
EndGlobal
